
Microsoft Visual Studio Solution File, Format Version 12.00
# Visual Studio Version 17
VisualStudioVersion = 17.5.33424.131
MinimumVisualStudioVersion = 10.0.40219.1
Project("{9A19103F-16F7-4668-BE54-9A1E7A4F7556}") = "gRPCServer", "gRPCServer.csproj", "{63989787-F836-40A3-BD68-E14692D0ED29}"
EndProject
Project("{9A19103F-16F7-4668-BE54-9A1E7A4F7556}") = "ConverterTesting", "..\ConverterTesting\ConverterTesting.csproj", "{5EDC7253-3D31-484E-8E6C-0FE57444E9CF}"
EndProject
Global
	GlobalSection(SolutionConfigurationPlatforms) = preSolution
		Debug|Any CPU = Debug|Any CPU
		Release|Any CPU = Release|Any CPU
	EndGlobalSection
	GlobalSection(ProjectConfigurationPlatforms) = postSolution
		{63989787-F836-40A3-BD68-E14692D0ED29}.Debug|Any CPU.ActiveCfg = Debug|Any CPU
		{63989787-F836-40A3-BD68-E14692D0ED29}.Debug|Any CPU.Build.0 = Debug|Any CPU
		{63989787-F836-40A3-BD68-E14692D0ED29}.Release|Any CPU.ActiveCfg = Release|Any CPU
		{63989787-F836-40A3-BD68-E14692D0ED29}.Release|Any CPU.Build.0 = Release|Any CPU
		{5EDC7253-3D31-484E-8E6C-0FE57444E9CF}.Debug|Any CPU.ActiveCfg = Debug|Any CPU
		{5EDC7253-3D31-484E-8E6C-0FE57444E9CF}.Debug|Any CPU.Build.0 = Debug|Any CPU
		{5EDC7253-3D31-484E-8E6C-0FE57444E9CF}.Release|Any CPU.ActiveCfg = Release|Any CPU
		{5EDC7253-3D31-484E-8E6C-0FE57444E9CF}.Release|Any CPU.Build.0 = Release|Any CPU
	EndGlobalSection
	GlobalSection(SolutionProperties) = preSolution
		HideSolutionNode = FALSE
	EndGlobalSection
	GlobalSection(ExtensibilityGlobals) = postSolution
		SolutionGuid = {DF297920-BF24-44ED-883C-A446361AE577}
	EndGlobalSection
EndGlobal
